<Solution>
  <Configurations>
    <Platform Name="x64" />
    <Platform Name="x86" />
  </Configurations>
  <Project Path="Week3Day1/Week3Day1.vcxproj" Id="a57d7b8a-f12b-4c9f-a176-ef940ded03a0" />
  <Project Path="Week3Day2/Week3Day2.vcxproj" Id="1252d8b4-dcc1-48f0-b140-8055fb007c7a" />
  <Project Path="Week3Day3/Week3Day3.vcxproj" Id="8ec36b19-580a-4e00-adb2-0f4e96df8a53" />
</Solution>
